Microsoft Visual Studio Solution File, Format Version 12.00
# Visual Studio Version 17
VisualStudioVersion = 17.5.2.0
MinimumVisualStudioVersion = 10.0.40219.1
Project("{2150E333-8FDC-42A3-9474-1A3956D46DE8}") = "src", "src", "{A1B2C3D4-E5F6-7890-ABCD-EF1234567890}"
EndProject
Project("{2150E333-8FDC-42A3-9474-1A3956D46DE8}") = "tests", "tests", "{B2C3D4E5-F6A7-8901-BCDE-F12345678901}"
EndProject
Project("{9A19103F-16F7-4668-BE54-9A1E7A4F7556}") = "MySentry.Plugin", "src\MySentry.Plugin\MySentry.Plugin.csproj", "{C3D4E5F6-A7B8-9012-CDEF-123456789012}"
EndProject
Project("{9A19103F-16F7-4668-BE54-9A1E7A4F7556}") = "MySentry.TestApp", "src\MySentry.TestApp\MySentry.TestApp.csproj", "{D4E5F6A7-B8C9-0123-DEF0-234567890123}"
EndProject
Project("{9A19103F-16F7-4668-BE54-9A1E7A4F7556}") = "MySentry.Plugin.Tests", "tests\MySentry.Plugin.Tests\MySentry.Plugin.Tests.csproj", "{E5F6A7B8-C9D0-1234-EF01-345678901234}"
EndProject
Project("{2150E333-8FDC-42A3-9474-1A3956D46DE8}") = "docs", "docs", "{208BA388-4CEE-2CBF-559C-5607C099C1F8}"
EndProject
Project("{2150E333-8FDC-42A3-9474-1A3956D46DE8}") = "samples", "samples", "{DC9282B2-46FF-2A30-0663-EFD8AB75CB07}"
EndProject
Project("{FAE04EC0-301F-11D3-BF4B-00C04F79EFBC}") = "Sentry.Samples.Android", "docs\samples\Sentry.Samples.Android\Sentry.Samples.Android.csproj", "{2EDAA483-C6A3-ADE8-00BC-17DE0A749121}"
EndProject
Project("{FAE04EC0-301F-11D3-BF4B-00C04F79EFBC}") = "Sentry.Samples.AspNetCore.Basic", "docs\samples\Sentry.Samples.AspNetCore.Basic\Sentry.Samples.AspNetCore.Basic.csproj", "{09206802-500A-F86A-C04F-C4314769A55B}"
EndProject
Project("{FAE04EC0-301F-11D3-BF4B-00C04F79EFBC}") = "Sentry.Samples.AspNetCore.Blazor.Server", "docs\samples\Sentry.Samples.AspNetCore.Blazor.Server\Sentry.Samples.AspNetCore.Blazor.Server.csproj", "{02FDBBBA-C6D2-DA93-E323-190286F9C7DA}"
EndProject
Project("{FAE04EC0-301F-11D3-BF4B-00C04F79EFBC}") = "Sentry.Samples.AspNetCore.Blazor.Wasm", "docs\samples\Sentry.Samples.AspNetCore.Blazor.Wasm\Sentry.Samples.AspNetCore.Blazor.Wasm.csproj", "{3012748D-D8DF-A1CA-2569-7E87EAFCCE65}"
EndProject
Project("{FAE04EC0-301F-11D3-BF4B-00C04F79EFBC}") = "Sentry.Samples.AspNetCore.Grpc", "docs\samples\Sentry.Samples.AspNetCore.Grpc\Sentry.Samples.AspNetCore.Grpc.csproj", "{26098B89-CB43-DC86-601B-2EA6856ED728}"
EndProject
Project("{FAE04EC0-301F-11D3-BF4B-00C04F79EFBC}") = "Sentry.Samples.AspNetCore.Mvc", "docs\samples\Sentry.Samples.AspNetCore.Mvc\Sentry.Samples.AspNetCore.Mvc.csproj", "{87B06C1F-4BAE-282A-576B-9A98E48F47EC}"
EndProject
Project("{FAE04EC0-301F-11D3-BF4B-00C04F79EFBC}") = "Sentry.Samples.AspNetCore.Serilog", "docs\samples\Sentry.Samples.AspNetCore.Serilog\Sentry.Samples.AspNetCore.Serilog.csproj", "{2D5696E2-498A-F012-9AAC-7303CE4F25F3}"
EndProject
Project("{FAE04EC0-301F-11D3-BF4B-00C04F79EFBC}") = "Sentry.Samples.AspNetCore.WebAPI.Profiling", "docs\samples\Sentry.Samples.AspNetCore.WebAPI.Profiling\Sentry.Samples.AspNetCore.WebAPI.Profiling.csproj", "{02261680-D87C-8D55-0D7E-58801ABBBF8F}"
EndProject
Project("{FAE04EC0-301F-11D3-BF4B-00C04F79EFBC}") = "Sentry.Samples.Aws.Lambda.AspNetCoreServer", "docs\samples\Sentry.Samples.Aws.Lambda.AspNetCoreServer\Sentry.Samples.Aws.Lambda.AspNetCoreServer.csproj", "{6ABB0400-B0F2-C5A0-D910-AD34B7AFF0CE}"
EndProject
Project("{FAE04EC0-301F-11D3-BF4B-00C04F79EFBC}") = "Sentry.Samples.Console.Basic", "docs\samples\Sentry.Samples.Console.Basic\Sentry.Samples.Console.Basic.csproj", "{04B76D9F-9685-9E0A-10AC-D89AD0D896F6}"
EndProject
Project("{FAE04EC0-301F-11D3-BF4B-00C04F79EFBC}") = "Sentry.Samples.Console.Customized", "docs\samples\Sentry.Samples.Console.Customized\Sentry.Samples.Console.Customized.csproj", "{CA18AE01-0C6F-7E18-56AB-C0731E55895A}"
EndProject
Project("{FAE04EC0-301F-11D3-BF4B-00C04F79EFBC}") = "Sentry.Samples.Console.HeapDump", "docs\samples\Sentry.Samples.Console.HeapDump\Sentry.Samples.Console.HeapDump.csproj", "{63496E9C-F603-719F-A5A3-44EA3A9FE8B4}"
EndProject
Project("{FAE04EC0-301F-11D3-BF4B-00C04F79EFBC}") = "Sentry.Samples.Console.Native", "docs\samples\Sentry.Samples.Console.Native\Sentry.Samples.Console.Native.csproj", "{C8CFD667-7A16-6CBB-3E89-DDD3B08084F6}"
EndProject
Project("{FAE04EC0-301F-11D3-BF4B-00C04F79EFBC}") = "Sentry.Samples.Console.Profiling", "docs\samples\Sentry.Samples.Console.Profiling\Sentry.Samples.Console.Profiling.csproj", "{B8548DF0-0481-FF1B-13CF-5A070354FBF0}"
EndProject
Project("{FAE04EC0-301F-11D3-BF4B-00C04F79EFBC}") = "Sentry.Samples.EntityFramework", "docs\samples\Sentry.Samples.EntityFramework\Sentry.Samples.EntityFramework.csproj", "{3BB0F1AD-C78A-0E04-A471-DF3A4579DB9F}"
EndProject
Project("{FAE04EC0-301F-11D3-BF4B-00C04F79EFBC}") = "Sentry.Samples.GenericHost", "docs\samples\Sentry.Samples.GenericHost\Sentry.Samples.GenericHost.csproj", "{5165B6EF-EEF9-8B7F-D9EF-CF796BAEACA0}"
EndProject
Project("{FAE04EC0-301F-11D3-BF4B-00C04F79EFBC}") = "Sentry.Samples.Google.Cloud.Functions", "docs\samples\Sentry.Samples.Google.Cloud.Functions\Sentry.Samples.Google.Cloud.Functions.csproj", "{96DE8489-38E5-A7AA-495B-63F81B483DE1}"
EndProject
Project("{FAE04EC0-301F-11D3-BF4B-00C04F79EFBC}") = "Sentry.Samples.GraphQL.Client.Http", "docs\samples\Sentry.Samples.GraphQL.Client.Http\Sentry.Samples.GraphQL.Client.Http.csproj", "{33CA67D1-6DBE-0646-5090-F374EB969BD7}"
EndProject
Project("{FAE04EC0-301F-11D3-BF4B-00C04F79EFBC}") = "Sentry.Samples.GraphQL.Server", "docs\samples\Sentry.Samples.GraphQL.Server\Sentry.Samples.GraphQL.Server.csproj", "{FC10A6CE-5209-44E0-C4FF-91EB90509C9E}"
EndProject
Project("{FAE04EC0-301F-11D3-BF4B-00C04F79EFBC}") = "Sentry.Samples.Hangfire", "docs\samples\Sentry.Samples.Hangfire\Sentry.Samples.Hangfire.csproj", "{7B767E15-C927-89A5-43FC-4C283461D9BE}"
EndProject
Project("{FAE04EC0-301F-11D3-BF4B-00C04F79EFBC}") = "Sentry.Samples.Ios", "docs\samples\Sentry.Samples.Ios\Sentry.Samples.Ios.csproj", "{E74A57F1-B9CF-214F-13D7-FEFCDCADEDB2}"
EndProject
Project("{FAE04EC0-301F-11D3-BF4B-00C04F79EFBC}") = "Sentry.Samples.Log4Net", "docs\samples\Sentry.Samples.Log4Net\Sentry.Samples.Log4Net.csproj", "{D02DA0F6-7BE7-49E8-3690-95B11541C9FA}"
EndProject
Project("{FAE04EC0-301F-11D3-BF4B-00C04F79EFBC}") = "Sentry.Samples.MacCatalyst", "docs\samples\Sentry.Samples.MacCatalyst\Sentry.Samples.MacCatalyst.csproj", "{765D2CF6-3800-20AC-8F63-4613A343E13A}"
EndProject
Project("{FAE04EC0-301F-11D3-BF4B-00C04F79EFBC}") = "Sentry.Samples.MacOS", "docs\samples\Sentry.Samples.MacOS\Sentry.Samples.MacOS.csproj", "{277449C3-9826-8DC5-4636-81CAC6F83094}"
EndProject
Project("{FAE04EC0-301F-11D3-BF4B-00C04F79EFBC}") = "Sentry.Samples.Maui", "docs\samples\Sentry.Samples.Maui\Sentry.Samples.Maui.csproj", "{D2EA0E67-FFB2-B82A-C2A5-AE88AF09A7E2}"
EndProject
Project("{FAE04EC0-301F-11D3-BF4B-00C04F79EFBC}") = "Sentry.Samples.ME.AI.AspNetCore", "docs\samples\Sentry.Samples.ME.AI.AspNetCore\Sentry.Samples.ME.AI.AspNetCore.csproj", "{CAF4BB27-3D25-1199-D547-AF6D1BC3A23E}"
EndProject
Project("{FAE04EC0-301F-11D3-BF4B-00C04F79EFBC}") = "Sentry.Samples.ME.AI.Console", "docs\samples\Sentry.Samples.ME.AI.Console\Sentry.Samples.ME.AI.Console.csproj", "{169FABBF-EE02-E0A2-AA2B-61CE20FDCA12}"
EndProject
Project("{FAE04EC0-301F-11D3-BF4B-00C04F79EFBC}") = "Sentry.Samples.ME.Logging", "docs\samples\Sentry.Samples.ME.Logging\Sentry.Samples.ME.Logging.csproj", "{F2E20DE8-584D-CFFC-1CC6-09AFD3515DD8}"
EndProject
Project("{FAE04EC0-301F-11D3-BF4B-00C04F79EFBC}") = "Sentry.Samples.NLog", "docs\samples\Sentry.Samples.NLog\Sentry.Samples.NLog.csproj", "{DEF52E41-D3B2-840E-E611-3DA059FEC379}"
EndProject
Project("{FAE04EC0-301F-11D3-BF4B-00C04F79EFBC}") = "Sentry.Samples.OpenTelemetry.AspNetCore", "docs\samples\Sentry.Samples.OpenTelemetry.AspNetCore\Sentry.Samples.OpenTelemetry.AspNetCore.csproj", "{0B9250A5-42DB-96EF-FC56-208D57C53E67}"
EndProject
Project("{FAE04EC0-301F-11D3-BF4B-00C04F79EFBC}") = "Sentry.Samples.OpenTelemetry.AzureFunctions", "docs\samples\Sentry.Samples.OpenTelemetry.AzureFunctions\Sentry.Samples.OpenTelemetry.AzureFunctions.csproj", "{FCDE6F77-0F99-65A8-D2A7-02BFBDDC1B00}"
EndProject
Project("{FAE04EC0-301F-11D3-BF4B-00C04F79EFBC}") = "Sentry.Samples.OpenTelemetry.Console", "docs\samples\Sentry.Samples.OpenTelemetry.Console\Sentry.Samples.OpenTelemetry.Console.csproj", "{AE55008F-89A5-A41D-F157-6905EE266CA7}"
EndProject
Project("{FAE04EC0-301F-11D3-BF4B-00C04F79EFBC}") = "Sentry.Samples.Serilog", "docs\samples\Sentry.Samples.Serilog\Sentry.Samples.Serilog.csproj", "{1A8A7116-E1CE-8DA6-FADB-92C89BEA97A4}"
EndProject
Global
	GlobalSection(SolutionConfigurationPlatforms) = preSolution
		Debug|Any CPU = Debug|Any CPU
		Release|Any CPU = Release|Any CPU
	EndGlobalSection
	GlobalSection(ProjectConfigurationPlatforms) = postSolution
		{2EDAA483-C6A3-ADE8-00BC-17DE0A749121}.Debug|Any CPU.ActiveCfg = Debug|Any CPU
		{2EDAA483-C6A3-ADE8-00BC-17DE0A749121}.Debug|Any CPU.Build.0 = Debug|Any CPU
		{2EDAA483-C6A3-ADE8-00BC-17DE0A749121}.Release|Any CPU.ActiveCfg = Release|Any CPU
		{2EDAA483-C6A3-ADE8-00BC-17DE0A749121}.Release|Any CPU.Build.0 = Release|Any CPU
		{09206802-500A-F86A-C04F-C4314769A55B}.Debug|Any CPU.ActiveCfg = Debug|Any CPU
		{09206802-500A-F86A-C04F-C4314769A55B}.Debug|Any CPU.Build.0 = Debug|Any CPU
		{09206802-500A-F86A-C04F-C4314769A55B}.Release|Any CPU.ActiveCfg = Release|Any CPU
		{09206802-500A-F86A-C04F-C4314769A55B}.Release|Any CPU.Build.0 = Release|Any CPU
		{02FDBBBA-C6D2-DA93-E323-190286F9C7DA}.Debug|Any CPU.ActiveCfg = Debug|Any CPU
		{02FDBBBA-C6D2-DA93-E323-190286F9C7DA}.Debug|Any CPU.Build.0 = Debug|Any CPU
		{02FDBBBA-C6D2-DA93-E323-190286F9C7DA}.Release|Any CPU.ActiveCfg = Release|Any CPU
		{02FDBBBA-C6D2-DA93-E323-190286F9C7DA}.Release|Any CPU.Build.0 = Release|Any CPU
		{3012748D-D8DF-A1CA-2569-7E87EAFCCE65}.Debug|Any CPU.ActiveCfg = Debug|Any CPU
		{3012748D-D8DF-A1CA-2569-7E87EAFCCE65}.Debug|Any CPU.Build.0 = Debug|Any CPU
		{3012748D-D8DF-A1CA-2569-7E87EAFCCE65}.Release|Any CPU.ActiveCfg = Release|Any CPU
		{3012748D-D8DF-A1CA-2569-7E87EAFCCE65}.Release|Any CPU.Build.0 = Release|Any CPU
		{26098B89-CB43-DC86-601B-2EA6856ED728}.Debug|Any CPU.ActiveCfg = Debug|Any CPU
		{26098B89-CB43-DC86-601B-2EA6856ED728}.Debug|Any CPU.Build.0 = Debug|Any CPU
		{26098B89-CB43-DC86-601B-2EA6856ED728}.Release|Any CPU.ActiveCfg = Release|Any CPU
		{26098B89-CB43-DC86-601B-2EA6856ED728}.Release|Any CPU.Build.0 = Release|Any CPU
		{87B06C1F-4BAE-282A-576B-9A98E48F47EC}.Debug|Any CPU.ActiveCfg = Debug|Any CPU
		{87B06C1F-4BAE-282A-576B-9A98E48F47EC}.Debug|Any CPU.Build.0 = Debug|Any CPU
		{87B06C1F-4BAE-282A-576B-9A98E48F47EC}.Release|Any CPU.ActiveCfg = Release|Any CPU
		{87B06C1F-4BAE-282A-576B-9A98E48F47EC}.Release|Any CPU.Build.0 = Release|Any CPU
		{2D5696E2-498A-F012-9AAC-7303CE4F25F3}.Debug|Any CPU.ActiveCfg = Debug|Any CPU
		{2D5696E2-498A-F012-9AAC-7303CE4F25F3}.Debug|Any CPU.Build.0 = Debug|Any CPU
		{2D5696E2-498A-F012-9AAC-7303CE4F25F3}.Release|Any CPU.ActiveCfg = Release|Any CPU
		{2D5696E2-498A-F012-9AAC-7303CE4F25F3}.Release|Any CPU.Build.0 = Release|Any CPU
		{02261680-D87C-8D55-0D7E-58801ABBBF8F}.Debug|Any CPU.ActiveCfg = Debug|Any CPU
		{02261680-D87C-8D55-0D7E-58801ABBBF8F}.Debug|Any CPU.Build.0 = Debug|Any CPU
		{02261680-D87C-8D55-0D7E-58801ABBBF8F}.Release|Any CPU.ActiveCfg = Release|Any CPU
		{02261680-D87C-8D55-0D7E-58801ABBBF8F}.Release|Any CPU.Build.0 = Release|Any CPU
		{6ABB0400-B0F2-C5A0-D910-AD34B7AFF0CE}.Debug|Any CPU.ActiveCfg = Debug|Any CPU
		{6ABB0400-B0F2-C5A0-D910-AD34B7AFF0CE}.Debug|Any CPU.Build.0 = Debug|Any CPU
		{6ABB0400-B0F2-C5A0-D910-AD34B7AFF0CE}.Release|Any CPU.ActiveCfg = Release|Any CPU
		{6ABB0400-B0F2-C5A0-D910-AD34B7AFF0CE}.Release|Any CPU.Build.0 = Release|Any CPU
		{04B76D9F-9685-9E0A-10AC-D89AD0D896F6}.Debug|Any CPU.ActiveCfg = Debug|Any CPU
		{04B76D9F-9685-9E0A-10AC-D89AD0D896F6}.Debug|Any CPU.Build.0 = Debug|Any CPU
		{04B76D9F-9685-9E0A-10AC-D89AD0D896F6}.Release|Any CPU.ActiveCfg = Release|Any CPU
		{04B76D9F-9685-9E0A-10AC-D89AD0D896F6}.Release|Any CPU.Build.0 = Release|Any CPU
		{CA18AE01-0C6F-7E18-56AB-C0731E55895A}.Debug|Any CPU.ActiveCfg = Debug|Any CPU
		{CA18AE01-0C6F-7E18-56AB-C0731E55895A}.Debug|Any CPU.Build.0 = Debug|Any CPU
		{CA18AE01-0C6F-7E18-56AB-C0731E55895A}.Release|Any CPU.ActiveCfg = Release|Any CPU
		{CA18AE01-0C6F-7E18-56AB-C0731E55895A}.Release|Any CPU.Build.0 = Release|Any CPU
		{63496E9C-F603-719F-A5A3-44EA3A9FE8B4}.Debug|Any CPU.ActiveCfg = Debug|Any CPU
		{63496E9C-F603-719F-A5A3-44EA3A9FE8B4}.Debug|Any CPU.Build.0 = Debug|Any CPU
		{63496E9C-F603-719F-A5A3-44EA3A9FE8B4}.Release|Any CPU.ActiveCfg = Release|Any CPU
		{63496E9C-F603-719F-A5A3-44EA3A9FE8B4}.Release|Any CPU.Build.0 = Release|Any CPU
		{C8CFD667-7A16-6CBB-3E89-DDD3B08084F6}.Debug|Any CPU.ActiveCfg = Debug|Any CPU
		{C8CFD667-7A16-6CBB-3E89-DDD3B08084F6}.Debug|Any CPU.Build.0 = Debug|Any CPU
		{C8CFD667-7A16-6CBB-3E89-DDD3B08084F6}.Release|Any CPU.ActiveCfg = Release|Any CPU
		{C8CFD667-7A16-6CBB-3E89-DDD3B08084F6}.Release|Any CPU.Build.0 = Release|Any CPU
		{B8548DF0-0481-FF1B-13CF-5A070354FBF0}.Debug|Any CPU.ActiveCfg = Debug|Any CPU
		{B8548DF0-0481-FF1B-13CF-5A070354FBF0}.Debug|Any CPU.Build.0 = Debug|Any CPU
		{B8548DF0-0481-FF1B-13CF-5A070354FBF0}.Release|Any CPU.ActiveCfg = Release|Any CPU
		{B8548DF0-0481-FF1B-13CF-5A070354FBF0}.Release|Any CPU.Build.0 = Release|Any CPU
		{3BB0F1AD-C78A-0E04-A471-DF3A4579DB9F}.Debug|Any CPU.ActiveCfg = Debug|Any CPU
		{3BB0F1AD-C78A-0E04-A471-DF3A4579DB9F}.Debug|Any CPU.Build.0 = Debug|Any CPU
		{3BB0F1AD-C78A-0E04-A471-DF3A4579DB9F}.Release|Any CPU.ActiveCfg = Release|Any CPU
		{3BB0F1AD-C78A-0E04-A471-DF3A4579DB9F}.Release|Any CPU.Build.0 = Release|Any CPU
		{5165B6EF-EEF9-8B7F-D9EF-CF796BAEACA0}.Debug|Any CPU.ActiveCfg = Debug|Any CPU
		{5165B6EF-EEF9-8B7F-D9EF-CF796BAEACA0}.Debug|Any CPU.Build.0 = Debug|Any CPU
		{5165B6EF-EEF9-8B7F-D9EF-CF796BAEACA0}.Release|Any CPU.ActiveCfg = Release|Any CPU
		{5165B6EF-EEF9-8B7F-D9EF-CF796BAEACA0}.Release|Any CPU.Build.0 = Release|Any CPU
		{96DE8489-38E5-A7AA-495B-63F81B483DE1}.Debug|Any CPU.ActiveCfg = Debug|Any CPU
		{96DE8489-38E5-A7AA-495B-63F81B483DE1}.Debug|Any CPU.Build.0 = Debug|Any CPU
		{96DE8489-38E5-A7AA-495B-63F81B483DE1}.Release|Any CPU.ActiveCfg = Release|Any CPU
		{96DE8489-38E5-A7AA-495B-63F81B483DE1}.Release|Any CPU.Build.0 = Release|Any CPU
		{33CA67D1-6DBE-0646-5090-F374EB969BD7}.Debug|Any CPU.ActiveCfg = Debug|Any CPU
		{33CA67D1-6DBE-0646-5090-F374EB969BD7}.Debug|Any CPU.Build.0 = Debug|Any CPU
		{33CA67D1-6DBE-0646-5090-F374EB969BD7}.Release|Any CPU.ActiveCfg = Release|Any CPU
		{33CA67D1-6DBE-0646-5090-F374EB969BD7}.Release|Any CPU.Build.0 = Release|Any CPU
		{FC10A6CE-5209-44E0-C4FF-91EB90509C9E}.Debug|Any CPU.ActiveCfg = Debug|Any CPU
		{FC10A6CE-5209-44E0-C4FF-91EB90509C9E}.Debug|Any CPU.Build.0 = Debug|Any CPU
		{FC10A6CE-5209-44E0-C4FF-91EB90509C9E}.Release|Any CPU.ActiveCfg = Release|Any CPU
		{FC10A6CE-5209-44E0-C4FF-91EB90509C9E}.Release|Any CPU.Build.0 = Release|Any CPU
		{7B767E15-C927-89A5-43FC-4C283461D9BE}.Debug|Any CPU.ActiveCfg = Debug|Any CPU
		{7B767E15-C927-89A5-43FC-4C283461D9BE}.Debug|Any CPU.Build.0 = Debug|Any CPU
		{7B767E15-C927-89A5-43FC-4C283461D9BE}.Release|Any CPU.ActiveCfg = Release|Any CPU
		{7B767E15-C927-89A5-43FC-4C283461D9BE}.Release|Any CPU.Build.0 = Release|Any CPU
		{E74A57F1-B9CF-214F-13D7-FEFCDCADEDB2}.Debug|Any CPU.ActiveCfg = Debug|Any CPU
		{E74A57F1-B9CF-214F-13D7-FEFCDCADEDB2}.Debug|Any CPU.Build.0 = Debug|Any CPU
		{E74A57F1-B9CF-214F-13D7-FEFCDCADEDB2}.Release|Any CPU.ActiveCfg = Release|Any CPU
		{E74A57F1-B9CF-214F-13D7-FEFCDCADEDB2}.Release|Any CPU.Build.0 = Release|Any CPU
		{D02DA0F6-7BE7-49E8-3690-95B11541C9FA}.Debug|Any CPU.ActiveCfg = Debug|Any CPU
		{D02DA0F6-7BE7-49E8-3690-95B11541C9FA}.Debug|Any CPU.Build.0 = Debug|Any CPU
		{D02DA0F6-7BE7-49E8-3690-95B11541C9FA}.Release|Any CPU.ActiveCfg = Release|Any CPU
		{D02DA0F6-7BE7-49E8-3690-95B11541C9FA}.Release|Any CPU.Build.0 = Release|Any CPU
		{765D2CF6-3800-20AC-8F63-4613A343E13A}.Debug|Any CPU.ActiveCfg = Debug|Any CPU
		{765D2CF6-3800-20AC-8F63-4613A343E13A}.Debug|Any CPU.Build.0 = Debug|Any CPU
		{765D2CF6-3800-20AC-8F63-4613A343E13A}.Release|Any CPU.ActiveCfg = Release|Any CPU
		{765D2CF6-3800-20AC-8F63-4613A343E13A}.Release|Any CPU.Build.0 = Release|Any CPU
		{277449C3-9826-8DC5-4636-81CAC6F83094}.Debug|Any CPU.ActiveCfg = Debug|Any CPU
		{277449C3-9826-8DC5-4636-81CAC6F83094}.Debug|Any CPU.Build.0 = Debug|Any CPU
		{277449C3-9826-8DC5-4636-81CAC6F83094}.Release|Any CPU.ActiveCfg = Release|Any CPU
		{277449C3-9826-8DC5-4636-81CAC6F83094}.Release|Any CPU.Build.0 = Release|Any CPU
		{D2EA0E67-FFB2-B82A-C2A5-AE88AF09A7E2}.Debug|Any CPU.ActiveCfg = Debug|Any CPU
		{D2EA0E67-FFB2-B82A-C2A5-AE88AF09A7E2}.Debug|Any CPU.Build.0 = Debug|Any CPU
		{D2EA0E67-FFB2-B82A-C2A5-AE88AF09A7E2}.Release|Any CPU.ActiveCfg = Release|Any CPU
		{D2EA0E67-FFB2-B82A-C2A5-AE88AF09A7E2}.Release|Any CPU.Build.0 = Release|Any CPU
		{CAF4BB27-3D25-1199-D547-AF6D1BC3A23E}.Debug|Any CPU.ActiveCfg = Debug|Any CPU
		{CAF4BB27-3D25-1199-D547-AF6D1BC3A23E}.Debug|Any CPU.Build.0 = Debug|Any CPU
		{CAF4BB27-3D25-1199-D547-AF6D1BC3A23E}.Release|Any CPU.ActiveCfg = Release|Any CPU
		{CAF4BB27-3D25-1199-D547-AF6D1BC3A23E}.Release|Any CPU.Build.0 = Release|Any CPU
		{169FABBF-EE02-E0A2-AA2B-61CE20FDCA12}.Debug|Any CPU.ActiveCfg = Debug|Any CPU
		{169FABBF-EE02-E0A2-AA2B-61CE20FDCA12}.Debug|Any CPU.Build.0 = Debug|Any CPU
		{169FABBF-EE02-E0A2-AA2B-61CE20FDCA12}.Release|Any CPU.ActiveCfg = Release|Any CPU
		{169FABBF-EE02-E0A2-AA2B-61CE20FDCA12}.Release|Any CPU.Build.0 = Release|Any CPU
		{F2E20DE8-584D-CFFC-1CC6-09AFD3515DD8}.Debug|Any CPU.ActiveCfg = Debug|Any CPU
		{F2E20DE8-584D-CFFC-1CC6-09AFD3515DD8}.Debug|Any CPU.Build.0 = Debug|Any CPU
		{F2E20DE8-584D-CFFC-1CC6-09AFD3515DD8}.Release|Any CPU.ActiveCfg = Release|Any CPU
		{F2E20DE8-584D-CFFC-1CC6-09AFD3515DD8}.Release|Any CPU.Build.0 = Release|Any CPU
		{DEF52E41-D3B2-840E-E611-3DA059FEC379}.Debug|Any CPU.ActiveCfg = Debug|Any CPU
		{DEF52E41-D3B2-840E-E611-3DA059FEC379}.Debug|Any CPU.Build.0 = Debug|Any CPU
		{DEF52E41-D3B2-840E-E611-3DA059FEC379}.Release|Any CPU.ActiveCfg = Release|Any CPU
		{DEF52E41-D3B2-840E-E611-3DA059FEC379}.Release|Any CPU.Build.0 = Release|Any CPU
		{0B9250A5-42DB-96EF-FC56-208D57C53E67}.Debug|Any CPU.ActiveCfg = Debug|Any CPU
		{0B9250A5-42DB-96EF-FC56-208D57C53E67}.Debug|Any CPU.Build.0 = Debug|Any CPU
		{0B9250A5-42DB-96EF-FC56-208D57C53E67}.Release|Any CPU.ActiveCfg = Release|Any CPU
		{0B9250A5-42DB-96EF-FC56-208D57C53E67}.Release|Any CPU.Build.0 = Release|Any CPU
		{FCDE6F77-0F99-65A8-D2A7-02BFBDDC1B00}.Debug|Any CPU.ActiveCfg = Debug|Any CPU
		{FCDE6F77-0F99-65A8-D2A7-02BFBDDC1B00}.Debug|Any CPU.Build.0 = Debug|Any CPU
		{FCDE6F77-0F99-65A8-D2A7-02BFBDDC1B00}.Release|Any CPU.ActiveCfg = Release|Any CPU
		{FCDE6F77-0F99-65A8-D2A7-02BFBDDC1B00}.Release|Any CPU.Build.0 = Release|Any CPU
		{AE55008F-89A5-A41D-F157-6905EE266CA7}.Debug|Any CPU.ActiveCfg = Debug|Any CPU
		{AE55008F-89A5-A41D-F157-6905EE266CA7}.Debug|Any CPU.Build.0 = Debug|Any CPU
		{AE55008F-89A5-A41D-F157-6905EE266CA7}.Release|Any CPU.ActiveCfg = Release|Any CPU
		{AE55008F-89A5-A41D-F157-6905EE266CA7}.Release|Any CPU.Build.0 = Release|Any CPU
		{1A8A7116-E1CE-8DA6-FADB-92C89BEA97A4}.Debug|Any CPU.ActiveCfg = Debug|Any CPU
		{1A8A7116-E1CE-8DA6-FADB-92C89BEA97A4}.Debug|Any CPU.Build.0 = Debug|Any CPU
		{1A8A7116-E1CE-8DA6-FADB-92C89BEA97A4}.Release|Any CPU.ActiveCfg = Release|Any CPU
		{1A8A7116-E1CE-8DA6-FADB-92C89BEA97A4}.Release|Any CPU.Build.0 = Release|Any CPU
		{C3D4E5F6-A7B8-9012-CDEF-123456789012}.Debug|Any CPU.ActiveCfg = Debug|Any CPU
		{C3D4E5F6-A7B8-9012-CDEF-123456789012}.Debug|Any CPU.Build.0 = Debug|Any CPU
		{C3D4E5F6-A7B8-9012-CDEF-123456789012}.Release|Any CPU.ActiveCfg = Release|Any CPU
		{C3D4E5F6-A7B8-9012-CDEF-123456789012}.Release|Any CPU.Build.0 = Release|Any CPU
		{D4E5F6A7-B8C9-0123-DEF0-234567890123}.Debug|Any CPU.ActiveCfg = Debug|Any CPU
		{D4E5F6A7-B8C9-0123-DEF0-234567890123}.Debug|Any CPU.Build.0 = Debug|Any CPU
		{D4E5F6A7-B8C9-0123-DEF0-234567890123}.Release|Any CPU.ActiveCfg = Release|Any CPU
		{D4E5F6A7-B8C9-0123-DEF0-234567890123}.Release|Any CPU.Build.0 = Release|Any CPU
		{E5F6A7B8-C9D0-1234-EF01-345678901234}.Debug|Any CPU.ActiveCfg = Debug|Any CPU
		{E5F6A7B8-C9D0-1234-EF01-345678901234}.Debug|Any CPU.Build.0 = Debug|Any CPU
		{E5F6A7B8-C9D0-1234-EF01-345678901234}.Release|Any CPU.ActiveCfg = Release|Any CPU
		{E5F6A7B8-C9D0-1234-EF01-345678901234}.Release|Any CPU.Build.0 = Release|Any CPU
	EndGlobalSection
	GlobalSection(SolutionProperties) = preSolution
		HideSolutionNode = FALSE
	EndGlobalSection
	GlobalSection(NestedProjects) = preSolution
		{C3D4E5F6-A7B8-9012-CDEF-123456789012} = {A1B2C3D4-E5F6-7890-ABCD-EF1234567890}
		{D4E5F6A7-B8C9-0123-DEF0-234567890123} = {A1B2C3D4-E5F6-7890-ABCD-EF1234567890}
		{E5F6A7B8-C9D0-1234-EF01-345678901234} = {B2C3D4E5-F6A7-8901-BCDE-F12345678901}
		{DC9282B2-46FF-2A30-0663-EFD8AB75CB07} = {208BA388-4CEE-2CBF-559C-5607C099C1F8}
		{2EDAA483-C6A3-ADE8-00BC-17DE0A749121} = {DC9282B2-46FF-2A30-0663-EFD8AB75CB07}
		{09206802-500A-F86A-C04F-C4314769A55B} = {DC9282B2-46FF-2A30-0663-EFD8AB75CB07}
		{02FDBBBA-C6D2-DA93-E323-190286F9C7DA} = {DC9282B2-46FF-2A30-0663-EFD8AB75CB07}
		{3012748D-D8DF-A1CA-2569-7E87EAFCCE65} = {DC9282B2-46FF-2A30-0663-EFD8AB75CB07}
		{26098B89-CB43-DC86-601B-2EA6856ED728} = {DC9282B2-46FF-2A30-0663-EFD8AB75CB07}
		{87B06C1F-4BAE-282A-576B-9A98E48F47EC} = {DC9282B2-46FF-2A30-0663-EFD8AB75CB07}
		{2D5696E2-498A-F012-9AAC-7303CE4F25F3} = {DC9282B2-46FF-2A30-0663-EFD8AB75CB07}
		{02261680-D87C-8D55-0D7E-58801ABBBF8F} = {DC9282B2-46FF-2A30-0663-EFD8AB75CB07}
		{6ABB0400-B0F2-C5A0-D910-AD34B7AFF0CE} = {DC9282B2-46FF-2A30-0663-EFD8AB75CB07}
		{04B76D9F-9685-9E0A-10AC-D89AD0D896F6} = {DC9282B2-46FF-2A30-0663-EFD8AB75CB07}
		{CA18AE01-0C6F-7E18-56AB-C0731E55895A} = {DC9282B2-46FF-2A30-0663-EFD8AB75CB07}
		{63496E9C-F603-719F-A5A3-44EA3A9FE8B4} = {DC9282B2-46FF-2A30-0663-EFD8AB75CB07}
		{C8CFD667-7A16-6CBB-3E89-DDD3B08084F6} = {DC9282B2-46FF-2A30-0663-EFD8AB75CB07}
		{B8548DF0-0481-FF1B-13CF-5A070354FBF0} = {DC9282B2-46FF-2A30-0663-EFD8AB75CB07}
		{3BB0F1AD-C78A-0E04-A471-DF3A4579DB9F} = {DC9282B2-46FF-2A30-0663-EFD8AB75CB07}
		{5165B6EF-EEF9-8B7F-D9EF-CF796BAEACA0} = {DC9282B2-46FF-2A30-0663-EFD8AB75CB07}
		{96DE8489-38E5-A7AA-495B-63F81B483DE1} = {DC9282B2-46FF-2A30-0663-EFD8AB75CB07}
		{33CA67D1-6DBE-0646-5090-F374EB969BD7} = {DC9282B2-46FF-2A30-0663-EFD8AB75CB07}
		{FC10A6CE-5209-44E0-C4FF-91EB90509C9E} = {DC9282B2-46FF-2A30-0663-EFD8AB75CB07}
		{7B767E15-C927-89A5-43FC-4C283461D9BE} = {DC9282B2-46FF-2A30-0663-EFD8AB75CB07}
		{E74A57F1-B9CF-214F-13D7-FEFCDCADEDB2} = {DC9282B2-46FF-2A30-0663-EFD8AB75CB07}
		{D02DA0F6-7BE7-49E8-3690-95B11541C9FA} = {DC9282B2-46FF-2A30-0663-EFD8AB75CB07}
		{765D2CF6-3800-20AC-8F63-4613A343E13A} = {DC9282B2-46FF-2A30-0663-EFD8AB75CB07}
		{277449C3-9826-8DC5-4636-81CAC6F83094} = {DC9282B2-46FF-2A30-0663-EFD8AB75CB07}
		{D2EA0E67-FFB2-B82A-C2A5-AE88AF09A7E2} = {DC9282B2-46FF-2A30-0663-EFD8AB75CB07}
		{CAF4BB27-3D25-1199-D547-AF6D1BC3A23E} = {DC9282B2-46FF-2A30-0663-EFD8AB75CB07}
		{169FABBF-EE02-E0A2-AA2B-61CE20FDCA12} = {DC9282B2-46FF-2A30-0663-EFD8AB75CB07}
		{F2E20DE8-584D-CFFC-1CC6-09AFD3515DD8} = {DC9282B2-46FF-2A30-0663-EFD8AB75CB07}
		{DEF52E41-D3B2-840E-E611-3DA059FEC379} = {DC9282B2-46FF-2A30-0663-EFD8AB75CB07}
		{0B9250A5-42DB-96EF-FC56-208D57C53E67} = {DC9282B2-46FF-2A30-0663-EFD8AB75CB07}
		{FCDE6F77-0F99-65A8-D2A7-02BFBDDC1B00} = {DC9282B2-46FF-2A30-0663-EFD8AB75CB07}
		{AE55008F-89A5-A41D-F157-6905EE266CA7} = {DC9282B2-46FF-2A30-0663-EFD8AB75CB07}
		{1A8A7116-E1CE-8DA6-FADB-92C89BEA97A4} = {DC9282B2-46FF-2A30-0663-EFD8AB75CB07}
	EndGlobalSection
	GlobalSection(ExtensibilityGlobals) = postSolution
		SolutionGuid = {5E92F459-58E9-4A1B-BE7B-99A32D4E71A7}
	EndGlobalSection
EndGlobal
